{
  "name": "<%= name %>",
  "version": "1.0.0",
  "lockfileVersion": 1,
  "requires": true,
  "dependencies": {
    "@gerbera/cli": {
      "version": "0.0.2",
      "resolved": "https://registry.npmjs.org/@gerbera/cli/-/cli-0.0.2.tgz",
      "integrity": "sha512-leIXYKO/s3SrOIFnsfm5Pv7d1+a8Bv/7ZqMVfbnhjB8j3tgnOpMVKKfUSX41eCgtOfHFtNb4JSEBFye2rytQNQ=="
    }
  }
}
